PODS:
  - OpenCV (3.2.0):
    - OpenCV/Dynamic (= 3.2.0)
  - OpenCV/Dynamic (3.2.0)
  - SSZipArchive (2.1.1)

DEPENDENCIES:
  - OpenCV (~> 3.2.0)
  - SSZipArchive (from `..`)

EXTERNAL SOURCES:
  SSZipArchive:
    :path: ..

SPEC CHECKSUMS:
  OpenCV: 0f7ab403d1e81769bc6f4f524c3c6928ecb1fdb8
  SSZipArchive: 14401ade5f8e82aba1ff03e9f88e9de60937ae60

PODFILE CHECKSUM: 91a706e3e4e1d145b2cf456f3c2fe060af595314

COCOAPODS: 1.4.0.beta.2
